
Microsoft Visual Studio Solution File, Format Version 12.00
# Visual Studio Version 16
VisualStudioVersion = 16.0.29709.97
MinimumVisualStudioVersion = 10.0.40219.1
Project("{FAE04EC0-301F-11D3-BF4B-00C04F79EFBC}") = "UWAlgorithms", "UWAlgorithms\UWAlgorithms.csproj", "{09C5FC7E-56CB-4547-A087-2F455FFD561E}"
EndProject
Project("{FAE04EC0-301F-11D3-BF4B-00C04F79EFBC}") = "AlgoTest", "AlgoTest\AlgoTest.csproj", "{7EC2FD9B-CEDD-4997-B276-BEB543A71021}"
EndProject
Global
	GlobalSection(SolutionConfigurationPlatforms) = preSolution
		Debug|Any CPU = Debug|Any CPU
		Release|Any CPU = Release|Any CPU
	EndGlobalSection
	GlobalSection(ProjectConfigurationPlatforms) = postSolution
		{09C5FC7E-56CB-4547-A087-2F455FFD561E}.Debug|Any CPU.ActiveCfg = Debug|Any CPU
		{09C5FC7E-56CB-4547-A087-2F455FFD561E}.Debug|Any CPU.Build.0 = Debug|Any CPU
		{09C5FC7E-56CB-4547-A087-2F455FFD561E}.Release|Any CPU.ActiveCfg = Release|Any CPU
		{09C5FC7E-56CB-4547-A087-2F455FFD561E}.Release|Any CPU.Build.0 = Release|Any CPU
		{7EC2FD9B-CEDD-4997-B276-BEB543A71021}.Debug|Any CPU.ActiveCfg = Debug|Any CPU
		{7EC2FD9B-CEDD-4997-B276-BEB543A71021}.Debug|Any CPU.Build.0 = Debug|Any CPU
		{7EC2FD9B-CEDD-4997-B276-BEB543A71021}.Release|Any CPU.ActiveCfg = Release|Any CPU
		{7EC2FD9B-CEDD-4997-B276-BEB543A71021}.Release|Any CPU.Build.0 = Release|Any CPU
	EndGlobalSection
	GlobalSection(SolutionProperties) = preSolution
		HideSolutionNode = FALSE
	EndGlobalSection
	GlobalSection(ExtensibilityGlobals) = postSolution
		SolutionGuid = {7EAB26E7-BB04-4BDA-8B84-15CE0F9016DC}
	EndGlobalSection
EndGlobal
